
Microsoft Visual Studio Solution File, Format Version 11.00
# Visual Studio 2010
Project("{FAE04EC0-301F-11D3-BF4B-00C04F79EFBC}") = "SimpleCQRS", "SimpleCQRS\SimpleCQRS.csproj", "{DAFD2A8A-D6B0-4433-8DDF-B98460C64EC6}"
EndProject
Project("{FAE04EC0-301F-11D3-BF4B-00C04F79EFBC}") = "CQRSGui", "CQRSGui\CQRSGui.csproj", "{29ECBF37-9526-4CB6-8429-D09CF0301C26}"
EndProject
Project("{FAE04EC0-301F-11D3-BF4B-00C04F79EFBC}") = "SimpleCQRS.Tests", "SimpleCQRS.Tests\SimpleCQRS.Tests.csproj", "{66AAF5DA-14E5-49D0-80FE-F913ACB1036D}"
EndProject
Global
	GlobalSection(SolutionConfigurationPlatforms) = preSolution
		Debug|Any CPU = Debug|Any CPU
		Debug|Mixed Platforms = Debug|Mixed Platforms
		Debug|x86 = Debug|x86
		Release|Any CPU = Release|Any CPU
		Release|Mixed Platforms = Release|Mixed Platforms
		Release|x86 = Release|x86
	EndGlobalSection
	GlobalSection(ProjectConfigurationPlatforms) = postSolution
		{DAFD2A8A-D6B0-4433-8DDF-B98460C64EC6}.Debug|Any CPU.ActiveCfg = Debug|Any CPU
		{DAFD2A8A-D6B0-4433-8DDF-B98460C64EC6}.Debug|Any CPU.Build.0 = Debug|Any CPU
		{DAFD2A8A-D6B0-4433-8DDF-B98460C64EC6}.Release|Any CPU.ActiveCfg = Release|Any CPU
		{DAFD2A8A-D6B0-4433-8DDF-B98460C64EC6}.Release|Any CPU.Build.0 = Release|Any CPU
		{29ECBF37-9526-4CB6-8429-D09CF0301C26}.Debug|Any CPU.ActiveCfg = Debug|Any CPU
		{29ECBF37-9526-4CB6-8429-D09CF0301C26}.Debug|Any CPU.Build.0 = Debug|Any CPU
		{29ECBF37-9526-4CB6-8429-D09CF0301C26}.Release|Any CPU.ActiveCfg = Release|Any CPU
		{29ECBF37-9526-4CB6-8429-D09CF0301C26}.Release|Any CPU.Build.0 = Release|Any CPU
		{66AAF5DA-14E5-49D0-80FE-F913ACB1036D}.Debug|Any CPU.ActiveCfg = Debug|Any CPU
		{66AAF5DA-14E5-49D0-80FE-F913ACB1036D}.Debug|Any CPU.Build.0 = Debug|Any CPU
		{66AAF5DA-14E5-49D0-80FE-F913ACB1036D}.Release|Any CPU.ActiveCfg = Release|Any CPU
		{66AAF5DA-14E5-49D0-80FE-F913ACB1036D}.Release|Any CPU.Build.0 = Release|Any CPU
	EndGlobalSection
	GlobalSection(SolutionProperties) = preSolution
		HideSolutionNode = FALSE
	EndGlobalSection
	GlobalSection(MonoDevelopProperties) = preSolution
		StartupItem = SimpleCQRS\SimpleCQRS.csproj
	EndGlobalSection
EndGlobal
